Microsoft Visual Studio Solution File, Format Version 11.00
# Visual Studio 2010
Project("{8BC9CEB8-8B4A-11D0-8D11-00A0C91BC942}") = "Cal3DPlugin_Max2012_32_VS2010", "Cal3DPlugin_Max2012_32_VS2010.vcxproj", "{B6F1A12E-701C-4958-A291-E8815FFE47B0}"
	ProjectSection(ProjectDependencies) = postProject
		{22636E69-B399-40DE-A98C-17E402E49BAC} = {22636E69-B399-40DE-A98C-17E402E49BAC}
	EndProjectSection
EndProject
Project("{8BC9CEB8-8B4A-11D0-8D11-00A0C91BC942}") = "Cal3DLib_Max2012_32_VS2010", "src\Cal3DLib_Max2012_32_VS2010.vcxproj", "{22636E69-B399-40DE-A98C-17E402E49BAC}"
EndProject
Global
	GlobalSection(SolutionConfigurationPlatforms) = preSolution
		Debug|Win32 = Debug|Win32
		Release|Win32 = Release|Win32
	EndGlobalSection
	GlobalSection(ProjectConfigurationPlatforms) = postSolution
		{B6F1A12E-701C-4958-A291-E8815FFE47B0}.Debug|Win32.ActiveCfg = Debug|Win32
		{B6F1A12E-701C-4958-A291-E8815FFE47B0}.Debug|Win32.Build.0 = Debug|Win32
		{B6F1A12E-701C-4958-A291-E8815FFE47B0}.Release|Win32.ActiveCfg = Release|Win32
		{B6F1A12E-701C-4958-A291-E8815FFE47B0}.Release|Win32.Build.0 = Release|Win32
		{22636E69-B399-40DE-A98C-17E402E49BAC}.Debug|Win32.ActiveCfg = Debug|Win32
		{22636E69-B399-40DE-A98C-17E402E49BAC}.Debug|Win32.Build.0 = Debug|Win32
		{22636E69-B399-40DE-A98C-17E402E49BAC}.Release|Win32.ActiveCfg = Release|Win32
		{22636E69-B399-40DE-A98C-17E402E49BAC}.Release|Win32.Build.0 = Release|Win32
	EndGlobalSection
	GlobalSection(SolutionProperties) = preSolution
		HideSolutionNode = FALSE
	EndGlobalSection
EndGlobal
